
Microsoft Visual Studio Solution File, Format Version 12.00
# Visual Studio 2013
VisualStudioVersion = 12.0.30110.0
MinimumVisualStudioVersion = 10.0.40219.1
Project("{FAE04EC0-301F-11D3-BF4B-00C04F79EFBC}") = "test-es", "tests\test-es\test-es.csproj", "{00327A43-7A22-4AF1-B4F1-005073440A45}"
EndProject
Project("{FAE04EC0-301F-11D3-BF4B-00C04F79EFBC}") = "datatypes", "tests\datatypes\datatypes.csproj", "{2D76C274-7C5F-4599-8054-05EA32402252}"
EndProject
Project("{FAE04EC0-301F-11D3-BF4B-00C04F79EFBC}") = "utils", "utils\utils.csproj", "{CB17E787-1BF7-41FC-A3D0-D31D59DA4AB1}"
EndProject
Project("{FAE04EC0-301F-11D3-BF4B-00C04F79EFBC}") = "fluenttest", "tests\fluenttest\fluenttest.csproj", "{CC987845-E71A-421B-8B74-23D045E5DD2C}"
EndProject
Project("{FAE04EC0-301F-11D3-BF4B-00C04F79EFBC}") = "NestExtensions", "tests\NestExtensions\NestExtensions.csproj", "{ACACC62F-891F-4BC9-8C86-96F85B96DBA9}"
EndProject
Project("{FAE04EC0-301F-11D3-BF4B-00C04F79EFBC}") = "mailconvlib", "tests\mailconvlib\mailconvlib.csproj", "{6591548D-D403-401F-AB4B-35BAD571BEC5}"
EndProject
Project("{2150E333-8FDC-42A3-9474-1A3956D46DE8}") = "data", "data", "{1093A98F-736C-4D03-87B3-82D7F764882F}"
EndProject
Project("{FAE04EC0-301F-11D3-BF4B-00C04F79EFBC}") = "datainterfaces", "tests\datainterfaces\datainterfaces.csproj", "{E7C3DABD-24F0-4B41-A3BC-751E4BCB1CA7}"
EndProject
Project("{FAE04EC0-301F-11D3-BF4B-00C04F79EFBC}") = "dataesextensions", "tests\dataesextensions\dataesextensions.csproj", "{56777F9B-A943-4CD3-B9F7-F252E690EA62}"
EndProject
Project("{2150E333-8FDC-42A3-9474-1A3956D46DE8}") = "NEST", "NEST", "{6A84EE69-3E56-435A-99EF-F77F2ABE359C}"
EndProject
Project("{2150E333-8FDC-42A3-9474-1A3956D46DE8}") = "misc", "misc", "{F31830F3-AD31-47A9-B989-655896741BCB}"
EndProject
Project("{FAE04EC0-301F-11D3-BF4B-00C04F79EFBC}") = "oreader", "tests-utils\oreader\oreader.csproj", "{24C221D8-FA0C-4884-A43E-EA377E23D80D}"
EndProject
Project("{2150E333-8FDC-42A3-9474-1A3956D46DE8}") = "_dismissed_", "_dismissed_", "{7D81D7B3-5E9A-46F5-937A-B840384F6F4E}"
EndProject
Project("{2150E333-8FDC-42A3-9474-1A3956D46DE8}") = "helpers", "helpers", "{04143965-C9CF-4131-9588-43787C420100}"
EndProject
Project("{FAE04EC0-301F-11D3-BF4B-00C04F79EFBC}") = "Elasticsearch.Net", "NEST\src\Elasticsearch.Net\Elasticsearch.Net.csproj", "{E97CCF40-0BA6-43FE-9F2D-58D454134088}"
EndProject
Project("{FAE04EC0-301F-11D3-BF4B-00C04F79EFBC}") = "Nest", "NEST\src\Nest\Nest.csproj", "{072BA7DA-7B60-407D-8B6E-95E3186BE70C}"
EndProject
Project("{2150E333-8FDC-42A3-9474-1A3956D46DE8}") = ".nuget", ".nuget", "{4A0208E5-E740-418F-9CE9-7DFB4887D623}"
	ProjectSection(SolutionItems) = preProject
		.nuget\NuGet.Config = .nuget\NuGet.Config
		.nuget\NuGet.exe = .nuget\NuGet.exe
		.nuget\NuGet.targets = .nuget\NuGet.targets
	EndProjectSection
EndProject
Global
	GlobalSection(SolutionConfigurationPlatforms) = preSolution
		Debug - Generator|Any CPU = Debug - Generator|Any CPU
		Debug|Any CPU = Debug|Any CPU
		Release|Any CPU = Release|Any CPU
	EndGlobalSection
	GlobalSection(ProjectConfigurationPlatforms) = postSolution
		{00327A43-7A22-4AF1-B4F1-005073440A45}.Debug - Generator|Any CPU.ActiveCfg = Debug|Any CPU
		{00327A43-7A22-4AF1-B4F1-005073440A45}.Debug - Generator|Any CPU.Build.0 = Debug|Any CPU
		{00327A43-7A22-4AF1-B4F1-005073440A45}.Debug|Any CPU.ActiveCfg = Debug|Any CPU
		{00327A43-7A22-4AF1-B4F1-005073440A45}.Debug|Any CPU.Build.0 = Debug|Any CPU
		{00327A43-7A22-4AF1-B4F1-005073440A45}.Release|Any CPU.ActiveCfg = Release|Any CPU
		{00327A43-7A22-4AF1-B4F1-005073440A45}.Release|Any CPU.Build.0 = Release|Any CPU
		{2D76C274-7C5F-4599-8054-05EA32402252}.Debug - Generator|Any CPU.ActiveCfg = Debug|Any CPU
		{2D76C274-7C5F-4599-8054-05EA32402252}.Debug - Generator|Any CPU.Build.0 = Debug|Any CPU
		{2D76C274-7C5F-4599-8054-05EA32402252}.Debug|Any CPU.ActiveCfg = Debug|Any CPU
		{2D76C274-7C5F-4599-8054-05EA32402252}.Debug|Any CPU.Build.0 = Debug|Any CPU
		{2D76C274-7C5F-4599-8054-05EA32402252}.Release|Any CPU.ActiveCfg = Release|Any CPU
		{2D76C274-7C5F-4599-8054-05EA32402252}.Release|Any CPU.Build.0 = Release|Any CPU
		{CB17E787-1BF7-41FC-A3D0-D31D59DA4AB1}.Debug - Generator|Any CPU.ActiveCfg = Debug|Any CPU
		{CB17E787-1BF7-41FC-A3D0-D31D59DA4AB1}.Debug - Generator|Any CPU.Build.0 = Debug|Any CPU
		{CB17E787-1BF7-41FC-A3D0-D31D59DA4AB1}.Debug|Any CPU.ActiveCfg = Debug|Any CPU
		{CB17E787-1BF7-41FC-A3D0-D31D59DA4AB1}.Debug|Any CPU.Build.0 = Debug|Any CPU
		{CB17E787-1BF7-41FC-A3D0-D31D59DA4AB1}.Release|Any CPU.ActiveCfg = Release|Any CPU
		{CB17E787-1BF7-41FC-A3D0-D31D59DA4AB1}.Release|Any CPU.Build.0 = Release|Any CPU
		{CC987845-E71A-421B-8B74-23D045E5DD2C}.Debug - Generator|Any CPU.ActiveCfg = Debug|Any CPU
		{CC987845-E71A-421B-8B74-23D045E5DD2C}.Debug - Generator|Any CPU.Build.0 = Debug|Any CPU
		{CC987845-E71A-421B-8B74-23D045E5DD2C}.Debug|Any CPU.ActiveCfg = Debug|Any CPU
		{CC987845-E71A-421B-8B74-23D045E5DD2C}.Debug|Any CPU.Build.0 = Debug|Any CPU
		{CC987845-E71A-421B-8B74-23D045E5DD2C}.Release|Any CPU.ActiveCfg = Release|Any CPU
		{CC987845-E71A-421B-8B74-23D045E5DD2C}.Release|Any CPU.Build.0 = Release|Any CPU
		{ACACC62F-891F-4BC9-8C86-96F85B96DBA9}.Debug - Generator|Any CPU.ActiveCfg = Debug|Any CPU
		{ACACC62F-891F-4BC9-8C86-96F85B96DBA9}.Debug - Generator|Any CPU.Build.0 = Debug|Any CPU
		{ACACC62F-891F-4BC9-8C86-96F85B96DBA9}.Debug|Any CPU.ActiveCfg = Debug|Any CPU
		{ACACC62F-891F-4BC9-8C86-96F85B96DBA9}.Debug|Any CPU.Build.0 = Debug|Any CPU
		{ACACC62F-891F-4BC9-8C86-96F85B96DBA9}.Release|Any CPU.ActiveCfg = Release|Any CPU
		{ACACC62F-891F-4BC9-8C86-96F85B96DBA9}.Release|Any CPU.Build.0 = Release|Any CPU
		{6591548D-D403-401F-AB4B-35BAD571BEC5}.Debug - Generator|Any CPU.ActiveCfg = Debug|Any CPU
		{6591548D-D403-401F-AB4B-35BAD571BEC5}.Debug - Generator|Any CPU.Build.0 = Debug|Any CPU
		{6591548D-D403-401F-AB4B-35BAD571BEC5}.Debug|Any CPU.ActiveCfg = Debug|Any CPU
		{6591548D-D403-401F-AB4B-35BAD571BEC5}.Debug|Any CPU.Build.0 = Debug|Any CPU
		{6591548D-D403-401F-AB4B-35BAD571BEC5}.Release|Any CPU.ActiveCfg = Release|Any CPU
		{6591548D-D403-401F-AB4B-35BAD571BEC5}.Release|Any CPU.Build.0 = Release|Any CPU
		{E7C3DABD-24F0-4B41-A3BC-751E4BCB1CA7}.Debug - Generator|Any CPU.ActiveCfg = Debug|Any CPU
		{E7C3DABD-24F0-4B41-A3BC-751E4BCB1CA7}.Debug - Generator|Any CPU.Build.0 = Debug|Any CPU
		{E7C3DABD-24F0-4B41-A3BC-751E4BCB1CA7}.Debug|Any CPU.ActiveCfg = Debug|Any CPU
		{E7C3DABD-24F0-4B41-A3BC-751E4BCB1CA7}.Debug|Any CPU.Build.0 = Debug|Any CPU
		{E7C3DABD-24F0-4B41-A3BC-751E4BCB1CA7}.Release|Any CPU.ActiveCfg = Release|Any CPU
		{E7C3DABD-24F0-4B41-A3BC-751E4BCB1CA7}.Release|Any CPU.Build.0 = Release|Any CPU
		{56777F9B-A943-4CD3-B9F7-F252E690EA62}.Debug - Generator|Any CPU.ActiveCfg = Debug|Any CPU
		{56777F9B-A943-4CD3-B9F7-F252E690EA62}.Debug - Generator|Any CPU.Build.0 = Debug|Any CPU
		{56777F9B-A943-4CD3-B9F7-F252E690EA62}.Debug|Any CPU.ActiveCfg = Debug|Any CPU
		{56777F9B-A943-4CD3-B9F7-F252E690EA62}.Debug|Any CPU.Build.0 = Debug|Any CPU
		{56777F9B-A943-4CD3-B9F7-F252E690EA62}.Release|Any CPU.ActiveCfg = Release|Any CPU
		{56777F9B-A943-4CD3-B9F7-F252E690EA62}.Release|Any CPU.Build.0 = Release|Any CPU
		{24C221D8-FA0C-4884-A43E-EA377E23D80D}.Debug - Generator|Any CPU.ActiveCfg = Debug|Any CPU
		{24C221D8-FA0C-4884-A43E-EA377E23D80D}.Debug - Generator|Any CPU.Build.0 = Debug|Any CPU
		{24C221D8-FA0C-4884-A43E-EA377E23D80D}.Debug|Any CPU.ActiveCfg = Debug|Any CPU
		{24C221D8-FA0C-4884-A43E-EA377E23D80D}.Debug|Any CPU.Build.0 = Debug|Any CPU
		{24C221D8-FA0C-4884-A43E-EA377E23D80D}.Release|Any CPU.ActiveCfg = Release|Any CPU
		{24C221D8-FA0C-4884-A43E-EA377E23D80D}.Release|Any CPU.Build.0 = Release|Any CPU
		{E97CCF40-0BA6-43FE-9F2D-58D454134088}.Debug - Generator|Any CPU.ActiveCfg = Debug|Any CPU
		{E97CCF40-0BA6-43FE-9F2D-58D454134088}.Debug - Generator|Any CPU.Build.0 = Debug|Any CPU
		{E97CCF40-0BA6-43FE-9F2D-58D454134088}.Debug|Any CPU.ActiveCfg = Debug|Any CPU
		{E97CCF40-0BA6-43FE-9F2D-58D454134088}.Debug|Any CPU.Build.0 = Debug|Any CPU
		{E97CCF40-0BA6-43FE-9F2D-58D454134088}.Release|Any CPU.ActiveCfg = Release|Any CPU
		{E97CCF40-0BA6-43FE-9F2D-58D454134088}.Release|Any CPU.Build.0 = Release|Any CPU
		{072BA7DA-7B60-407D-8B6E-95E3186BE70C}.Debug - Generator|Any CPU.ActiveCfg = Debug - Generator|Any CPU
		{072BA7DA-7B60-407D-8B6E-95E3186BE70C}.Debug - Generator|Any CPU.Build.0 = Debug - Generator|Any CPU
		{072BA7DA-7B60-407D-8B6E-95E3186BE70C}.Debug|Any CPU.ActiveCfg = Debug|Any CPU
		{072BA7DA-7B60-407D-8B6E-95E3186BE70C}.Debug|Any CPU.Build.0 = Debug|Any CPU
		{072BA7DA-7B60-407D-8B6E-95E3186BE70C}.Release|Any CPU.ActiveCfg = Release|Any CPU
		{072BA7DA-7B60-407D-8B6E-95E3186BE70C}.Release|Any CPU.Build.0 = Release|Any CPU
	EndGlobalSection
	GlobalSection(SolutionProperties) = preSolution
		HideSolutionNode = FALSE
	EndGlobalSection
	GlobalSection(NestedProjects) = preSolution
		{6591548D-D403-401F-AB4B-35BAD571BEC5} = {1093A98F-736C-4D03-87B3-82D7F764882F}
		{2D76C274-7C5F-4599-8054-05EA32402252} = {1093A98F-736C-4D03-87B3-82D7F764882F}
		{E7C3DABD-24F0-4B41-A3BC-751E4BCB1CA7} = {1093A98F-736C-4D03-87B3-82D7F764882F}
		{56777F9B-A943-4CD3-B9F7-F252E690EA62} = {1093A98F-736C-4D03-87B3-82D7F764882F}
		{CB17E787-1BF7-41FC-A3D0-D31D59DA4AB1} = {F31830F3-AD31-47A9-B989-655896741BCB}
		{ACACC62F-891F-4BC9-8C86-96F85B96DBA9} = {7D81D7B3-5E9A-46F5-937A-B840384F6F4E}
		{E97CCF40-0BA6-43FE-9F2D-58D454134088} = {6A84EE69-3E56-435A-99EF-F77F2ABE359C}
		{072BA7DA-7B60-407D-8B6E-95E3186BE70C} = {6A84EE69-3E56-435A-99EF-F77F2ABE359C}
		{24C221D8-FA0C-4884-A43E-EA377E23D80D} = {04143965-C9CF-4131-9588-43787C420100}
	EndGlobalSection
EndGlobal
